// !$*UTF8*$!
{
	archiveVersion = 1;
	classes = {
	};
	objectVersion = 48;
	objects = {

/* Begin PBXBuildFile section */
		29AC29B32062F0A400845E6E /* AppDelegate.swift in Sources */ = {isa = PBXBuildFile; fileRef = 29AC29B22062F0A400845E6E /* AppDelegate.swift */; };
		29AC29B52062F0A400845E6E /* ViewController.swift in Sources */ = {isa = PBXBuildFile; fileRef = 29AC29B42062F0A400845E6E /* ViewController.swift */; };
		29AC29B82062F0A400845E6E /* Main.storyboard in Resources */ = {isa = PBXBuildFile; fileRef = 29AC29B62062F0A400845E6E /* Main.storyboard */; };
		29AC29BA2062F0A400845E6E /* Assets.xcassets in Resources */ = {isa = PBXBuildFile; fileRef = 29AC29B92062F0A400845E6E /* Assets.xcassets */; };
		29AC29BD2062F0A400845E6E /* LaunchScreen.storyboard in Resources */ = {isa = PBXBuildFile; fileRef = 29AC29BB2062F0A400845E6E /* LaunchScreen.storyboard */; };
		29AC29C82062F0A400845E6E /* UI_Test_AppUITests.swift in Sources */ = {isa = PBXBuildFile; fileRef = 29AC29C72062F0A400845E6E /* UI_Test_AppUITests.swift */; };
/* End PBXBuildFile section */

/* Begin PBXContainerItemProxy section */
		29AC29C42062F0A400845E6E /* PBXContainerItemProxy */ = {
			isa = PBXContainerItemProxy;
			containerPortal = 29AC29A72062F0A400845E6E /* Project object */;
			proxyType = 1;
			remoteGlobalIDString = 29AC29AE2062F0A400845E6E;
			remoteInfo = "UI Test App";
		};
/* End PBXContainerItemProxy section */

/* Begin PBXFileReference section */
		29AC29AF2062F0A400845E6E /* UI Test App.app */ = {isa = PBXFileReference; explicitFileType = wrapper.application; includeInIndex = 0; path = "UI Test App.app"; sourceTree = BUILT_PRODUCTS_DIR; };
		29AC29B22062F0A400845E6E /* AppDelegate.swift */ = {isa = PBXFileReference; lastKnownFileType = sourcecode.swift; path = AppDelegate.swift; sourceTree = "<group>"; };
		29AC29B42062F0A400845E6E /* ViewController.swift */ = {isa = PBXFileReference; lastKnownFileType = sourcecode.swift; path = ViewController.swift; sourceTree = "<group>"; };
		29AC29B72062F0A400845E6E /* Base */ = {isa = PBXFileReference; lastKnownFileType = file.storyboard; name = Base; path = Base.lproj/Main.storyboard; sourceTree = "<group>"; };
		29AC29B92062F0A400845E6E /* Assets.xcassets */ = {isa = PBXFileReference; lastKnownFileType = folder.assetcatalog; path = Assets.xcassets; sourceTree = "<group>"; };
		29AC29BC2062F0A400845E6E /* Base */ = {isa = PBXFileReference; lastKnownFileType = file.storyboard; name = Base; path = Base.lproj/LaunchScreen.storyboard; sourceTree = "<group>"; };
		29AC29BE2062F0A400845E6E /* Info.plist */ = {isa = PBXFileReference; lastKnownFileType = text.plist.xml; path = Info.plist; sourceTree = "<group>"; };
		29AC29C32062F0A400845E6E /* UI Test AppUITests.xctest */ = {isa = PBXFileReference; explicitFileType = wrapper.cfbundle; includeInIndex = 0; path = "UI Test AppUITests.xctest"; sourceTree = BUILT_PRODUCTS_DIR; };
		29AC29C72062F0A400845E6E /* UI_Test_AppUITests.swift */ = {isa = PBXFileReference; lastKnownFileType = sourcecode.swift; path = UI_Test_AppUITests.swift; sourceTree = "<group>"; };
		29AC29C92062F0A400845E6E /* Info.plist */ = {isa = PBXFileReference; lastKnownFileType = text.plist.xml; path = Info.plist; sourceTree = "<group>"; };
/* End PBXFileReference section */

/* Begin PBXFrameworksBuildPhase section */
		29AC29AC2062F0A400845E6E /* Frameworks */ = {
			isa = PBXFrameworksBuildPhase;
			buildActionMask = 2147483647;
			files = (
			);
			runOnlyForDeploymentPostprocessing = 0;
		};
		29AC29C02062F0A400845E6E /* Frameworks */ = {
			isa = PBXFrameworksBuildPhase;
			buildActionMask = 2147483647;
			files = (
			);
			runOnlyForDeploymentPostprocessing = 0;
		};
/* End PBXFrameworksBuildPhase section */

/* Begin PBXGroup section */
		29AC29A62062F0A400845E6E = {
			isa = PBXGroup;
			children = (
				29AC29B12062F0A400845E6E /* UI Test App */,
				29AC29C62062F0A400845E6E /* UI Test AppUITests */,
				29AC29B02062F0A400845E6E /* Products */,
			);
			sourceTree = "<group>";
		};
		29AC29B02062F0A400845E6E /* Products */ = {
			isa = PBXGroup;
			children = (
				29AC29AF2062F0A400845E6E /* UI Test App.app */,
				29AC29C32062F0A400845E6E /* UI Test AppUITests.xctest */,
			);
			name = Products;
			sourceTree = "<group>";
		};
		29AC29B12062F0A400845E6E /* UI Test App */ = {
			isa = PBXGroup;
			children = (
				29AC29B22062F0A400845E6E /* AppDelegate.swift */,
				29AC29B42062F0A400845E6E /* ViewController.swift */,
				29AC29B62062F0A400845E6E /* Main.storyboard */,
				29AC29B92062F0A400845E6E /* Assets.xcassets */,
				29AC29BB2062F0A400845E6E /* LaunchScreen.storyboard */,
				29AC29BE2062F0A400845E6E /* Info.plist */,
			);
			path = "UI Test App";
			sourceTree = "<group>";
		};
		29AC29C62062F0A400845E6E /* UI Test AppUITests */ = {
			isa = PBXGroup;
			children = (
				29AC29C72062F0A400845E6E /* UI_Test_AppUITests.swift */,
				29AC29C92062F0A400845E6E /* Info.plist */,
			);
			path = "UI Test AppUITests";
			sourceTree = "<group>";
		};
/* End PBXGroup section */

/* Begin PBXNativeTarget section */
		29AC29AE2062F0A400845E6E /* UI Test App */ = {
			isa = PBXNativeTarget;
			buildConfigurationList = 29AC29CC2062F0A400845E6E /* Build configuration list for PBXNativeTarget "UI Test App" */;
			buildPhases = (
				29AC29AB2062F0A400845E6E /* Sources */,
				29AC29AC2062F0A400845E6E /* Frameworks */,
				29AC29AD2062F0A400845E6E /* Resources */,
			);
			buildRules = (
			);
			dependencies = (
			);
			name = "UI Test App";
			productName = "UI Test App";
			productReference = 29AC29AF2062F0A400845E6E /* UI Test App.app */;
			productType = "com.apple.product-type.application";
		};
		29AC29C22062F0A400845E6E /* UI Test AppUITests */ = {
			isa = PBXNativeTarget;
			buildConfigurationList = 29AC29CF2062F0A400845E6E /* Build configuration list for PBXNativeTarget "UI Test AppUITests" */;
			buildPhases = (
				29AC29BF2062F0A400845E6E /* Sources */,
				29AC29C02062F0A400845E6E /* Frameworks */,
				29AC29C12062F0A400845E6E /* Resources */,
			);
			buildRules = (
			);
			dependencies = (
				29AC29C52062F0A400845E6E /* PBXTargetDependency */,
			);
			name = "UI Test AppUITests";
			productName = "UI Test AppUITests";
			productReference = 29AC29C32062F0A400845E6E /* UI Test AppUITests.xctest */;
			productType = "com.apple.product-type.bundle.ui-testing";
		};
/* End PBXNativeTarget section */

/* Begin PBXProject section */
		29AC29A72062F0A400845E6E /* Project object */ = {
			isa = PBXProject;
			attributes = {
				LastSwiftUpdateCheck = 0910;
				LastUpgradeCheck = 0910;
				ORGANIZATIONNAME = "Cinard Digital Media Institute";
				TargetAttributes = {
					29AC29AE2062F0A400845E6E = {
						CreatedOnToolsVersion = 9.1;
						ProvisioningStyle = Automatic;
					};
					29AC29C22062F0A400845E6E = {
						CreatedOnToolsVersion = 9.1;
						ProvisioningStyle = Automatic;
						TestTargetID = 29AC29AE2062F0A400845E6E;
					};
				};
			};
			buildConfigurationList = 29AC29AA2062F0A400845E6E /* Build configuration list for PBXProject "UI Test App" */;
			compatibilityVersion = "Xcode 8.0";
			developmentRegion = en;
			hasScannedForEncodings = 0;
			knownRegions = (
				en,
				Base,
			);
			mainGroup = 29AC29A62062F0A400845E6E;
			productRefGroup = 29AC29B02062F0A400845E6E /* Products */;
			projectDirPath = "";
			projectRoot = "";
			targets = (
				29AC29AE2062F0A400845E6E /* UI Test App */,
				29AC29C22062F0A400845E6E /* UI Test AppUITests */,
			);
		};
/* End PBXProject section */

/* Begin PBXResourcesBuildPhase section */
		29AC29AD2062F0A400845E6E /* Resources */ = {
			isa = PBXResourcesBuildPhase;
			buildActionMask = 2147483647;
			files = (
				29AC29BD2062F0A400845E6E /* LaunchScreen.storyboard in Resources */,
				29AC29BA2062F0A400845E6E /* Assets.xcassets in Resources */,
				29AC29B82062F0A400845E6E /* Main.storyboard in Resources */,
			);
			runOnlyForDeploymentPostprocessing = 0;
		};
		29AC29C12062F0A400845E6E /* Resources */ = {
			isa = PBXResourcesBuildPhase;
			buildActionMask = 2147483647;
			files = (
			);
			runOnlyForDeploymentPostprocessing = 0;
		};
/* End PBXResourcesBuildPhase section */

/* Begin PBXSourcesBuildPhase section */
		29AC29AB2062F0A400845E6E /* Sources */ = {
			isa = PBXSourcesBuildPhase;
			buildActionMask = 2147483647;
			files = (
				29AC29B52062F0A400845E6E /* ViewController.swift in Sources */,
				29AC29B32062F0A400845E6E /* AppDelegate.swift in Sources */,
			);
			runOnlyForDeploymentPostprocessing = 0;
		};
		29AC29BF2062F0A400845E6E /* Sources */ = {
			isa = PBXSourcesBuildPhase;
			buildActionMask = 2147483647;
			files = (
				29AC29C82062F0A400845E6E /* UI_Test_AppUITests.swift in Sources */,
			);
			runOnlyForDeploymentPostprocessing = 0;
		};
/* End PBXSourcesBuildPhase section */

/* Begin PBXTargetDependency section */
		29AC29C52062F0A400845E6E /* PBXTargetDependency */ = {
			isa = PBXTargetDependency;
			target = 29AC29AE2062F0A400845E6E /* UI Test App */;
			targetProxy = 29AC29C42062F0A400845E6E /* PBXContainerItemProxy */;
		};
/* End PBXTargetDependency section */

/* Begin PBXVariantGroup section */
		29AC29B62062F0A400845E6E /* Main.storyboard */ = {
			isa = PBXVariantGroup;
			children = (
				29AC29B72062F0A400845E6E /* Base */,
			);
			name = Main.storyboard;
			sourceTree = "<group>";
		};
		29AC29BB2062F0A400845E6E /* LaunchScreen.storyboard */ = {
			isa = PBXVariantGroup;
			children = (
				29AC29BC2062F0A400845E6E /* Base */,
			);
			name = LaunchScreen.storyboard;
			sourceTree = "<group>";
		};
/* End PBXVariantGroup section */

/* Begin XCBuildConfiguration section */
		29AC29CA2062F0A400845E6E /* Debug */ = {
			isa = XCBuildConfiguration;
			buildSettings = {
				ALWAYS_SEARCH_USER_PATHS = NO;
				CLANG_ANALYZER_NONNULL = YES;
				CLANG_ANALYZER_NUMBER_OBJECT_CONVERSION = YES_AGGRESSIVE;
				CLANG_CXX_LANGUAGE_STANDARD = "gnu++14";
				CLANG_CXX_LIBRARY = "libc++";
				CLANG_ENABLE_MODULES = YES;
				CLANG_ENABLE_OBJC_ARC = YES;
				CLANG_WARN_BLOCK_CAPTURE_AUTORELEASING = YES;
				CLANG_WARN_BOOL_CONVERSION = YES;
				CLANG_WARN_COMMA = YES;
				CLANG_WARN_CONSTANT_CONVERSION = YES;
				CLANG_WARN_DIRECT_OBJC_ISA_USAGE = YES_ERROR;
				CLANG_WARN_DOCUMENTATION_COMMENTS = YES;
				CLANG_WARN_EMPTY_BODY = YES;
				CLANG_WARN_ENUM_CONVERSION = YES;
				CLANG_WARN_INFINITE_RECURSION = YES;
				CLANG_WARN_INT_CONVERSION = YES;
				CLANG_WARN_NON_LITERAL_NULL_CONVERSION = YES;
				CLANG_WARN_OBJC_LITERAL_CONVERSION = YES;
				CLANG_WARN_OBJC_ROOT_CLASS = YES_ERROR;
				CLANG_WARN_RANGE_LOOP_ANALYSIS = YES;
				CLANG_WARN_STRICT_PROTOTYPES = YES;
				CLANG_WARN_SUSPICIOUS_MOVE = YES;
				CLANG_WARN_UNGUARDED_AVAILABILITY = YES_AGGRESSIVE;
				CLANG_WARN_UNREACHABLE_CODE = YES;
				CLANG_WARN__DUPLICATE_METHOD_MATCH = YES;
				CODE_SIGN_IDENTITY = "iPhone Developer";
				COPY_PHASE_STRIP = NO;
				DEBUG_INFORMATION_FORMAT = dwarf;
				ENABLE_STRICT_OBJC_MSGSEND = YES;
				ENABLE_TESTABILITY = YES;
				GCC_C_LANGUAGE_STANDARD = gnu11;
				GCC_DYNAMIC_NO_PIC = NO;
				GCC_NO_COMMON_BLOCKS = YES;
				GCC_OPTIMIZATION_LEVEL = 0;
				GCC_PREPROCESSOR_DEFINITIONS = (
					"DEBUG=1",
					"$(inherited)",
				);
				GCC_WARN_64_TO_32_BIT_CONVERSION = YES;
				GCC_WARN_ABOUT_RETURN_TYPE = YES_ERROR;
				GCC_WARN_UNDECLARED_SELECTOR = YES;
				GCC_WARN_UNINITIALIZED_AUTOS = YES_AGGRESSIVE;
				GCC_WARN_UNUSED_FUNCTION = YES;
				GCC_WARN_UNUSED_VARIABLE = YES;
				IPHONEOS_DEPLOYMENT_TARGET = 11.1;
				MTL_ENABLE_DEBUG_INFO = YES;
				ONLY_ACTIVE_ARCH = YES;
				SDKROOT = iphoneos;
				SWIFT_ACTIVE_COMPILATION_CONDITIONS = DEBUG;
				SWIFT_OPTIMIZATION_LEVEL = "-Onone";
			};
			name = Debug;
		};
		29AC29CB2062F0A400845E6E /* Release */ = {
			isa = XCBuildConfiguration;
			buildSettings = {
				ALWAYS_SEARCH_USER_PATHS = NO;
				CLANG_ANALYZER_NONNULL = YES;
				CLANG_ANALYZER_NUMBER_OBJECT_CONVERSION = YES_AGGRESSIVE;
				CLANG_CXX_LANGUAGE_STANDARD = "gnu++14";
				CLANG_CXX_LIBRARY = "libc++";
				CLANG_ENABLE_MODULES = YES;
				CLANG_ENABLE_OBJC_ARC = YES;
				CLANG_WARN_BLOCK_CAPTURE_AUTORELEASING = YES;
				CLANG_WARN_BOOL_CONVERSION = YES;
				CLANG_WARN_COMMA = YES;
				CLANG_WARN_CONSTANT_CONVERSION = YES;
				CLANG_WARN_DIRECT_OBJC_ISA_USAGE = YES_ERROR;
				CLANG_WARN_DOCUMENTATION_COMMENTS = YES;
				CLANG_WARN_EMPTY_BODY = YES;
				CLANG_WARN_ENUM_CONVERSION = YES;
				CLANG_WARN_INFINITE_RECURSION = YES;
				CLANG_WARN_INT_CONVERSION = YES;
				CLANG_WARN_NON_LITERAL_NULL_CONVERSION = YES;
				CLANG_WARN_OBJC_LITERAL_CONVERSION = YES;
				CLANG_WARN_OBJC_ROOT_CLASS = YES_ERROR;
				CLANG_WARN_RANGE_LOOP_ANALYSIS = YES;
				CLANG_WARN_STRICT_PROTOTYPES = YES;
				CLANG_WARN_SUSPICIOUS_MOVE = YES;
				CLANG_WARN_UNGUARDED_AVAILABILITY = YES_AGGRESSIVE;
				CLANG_WARN_UNREACHABLE_CODE = YES;
				CLANG_WARN__DUPLICATE_METHOD_MATCH = YES;
				CODE_SIGN_IDENTITY = "iPhone Developer";
				COPY_PHASE_STRIP = NO;
				DEBUG_INFORMATION_FORMAT = "dwarf-with-dsym";
				ENABLE_NS_ASSERTIONS = NO;
				ENABLE_STRICT_OBJC_MSGSEND = YES;
				GCC_C_LANGUAGE_STANDARD = gnu11;
				GCC_NO_COMMON_BLOCKS = YES;
				GCC_WARN_64_TO_32_BIT_CONVERSION = YES;
				GCC_WARN_ABOUT_RETURN_TYPE = YES_ERROR;
				GCC_WARN_UNDECLARED_SELECTOR = YES;
				GCC_WARN_UNINITIALIZED_AUTOS = YES_AGGRESSIVE;
				GCC_WARN_UNUSED_FUNCTION = YES;
				GCC_WARN_UNUSED_VARIABLE = YES;
				IPHONEOS_DEPLOYMENT_TARGET = 11.1;
				MTL_ENABLE_DEBUG_INFO = NO;
				SDKROOT = iphoneos;
				SWIFT_OPTIMIZATION_LEVEL = "-Owholemodule";
				VALIDATE_PRODUCT = YES;
			};
			name = Release;
		};
		29AC29CD2062F0A400845E6E /* Debug */ = {
			isa = XCBuildConfiguration;
			buildSettings = {
				ASSETCATALOG_COMPILER_APPICON_NAME = AppIcon;
				CODE_SIGN_STYLE = Automatic;
				DEVELOPMENT_TEAM = K5PX54PSAX;
				INFOPLIST_FILE = "UI Test App/Info.plist";
				LD_RUNPATH_SEARCH_PATHS = "$(inherited) @executable_path/Frameworks";
				PRODUCT_BUNDLE_IDENTIFIER = "ca.cinard.UI-Test-App";
				PRODUCT_NAME = "$(TARGET_NAME)";
				SWIFT_VERSION = 4.0;
				TARGETED_DEVICE_FAMILY = "1,2";
			};
			name = Debug;
		};
		29AC29CE2062F0A400845E6E /* Release */ = {
			isa = XCBuildConfiguration;
			buildSettings = {
				ASSETCATALOG_COMPILER_APPICON_NAME = AppIcon;
				CODE_SIGN_STYLE = Automatic;
				DEVELOPMENT_TEAM = K5PX54PSAX;
				INFOPLIST_FILE = "UI Test App/Info.plist";
				LD_RUNPATH_SEARCH_PATHS = "$(inherited) @executable_path/Frameworks";
				PRODUCT_BUNDLE_IDENTIFIER = "ca.cinard.UI-Test-App";
				PRODUCT_NAME = "$(TARGET_NAME)";
				SWIFT_VERSION = 4.0;
				TARGETED_DEVICE_FAMILY = "1,2";
			};
			name = Release;
		};
		29AC29D02062F0A400845E6E /* Debug */ = {
			isa = XCBuildConfiguration;
			buildSettings = {
				ALWAYS_EMBED_SWIFT_STANDARD_LIBRARIES = YES;
				CODE_SIGN_STYLE = Automatic;
				DEVELOPMENT_TEAM = K5PX54PSAX;
				INFOPLIST_FILE = "UI Test AppUITests/Info.plist";
				LD_RUNPATH_SEARCH_PATHS = "$(inherited) @executable_path/Frameworks @loader_path/Frameworks";
				PRODUCT_BUNDLE_IDENTIFIER = "ca.cinard.UI-Test-AppUITests";
				PRODUCT_NAME = "$(TARGET_NAME)";
				SWIFT_VERSION = 4.0;
				TARGETED_DEVICE_FAMILY = "1,2";
				TEST_TARGET_NAME = "UI Test App";
			};
			name = Debug;
		};
		29AC29D12062F0A400845E6E /* Release */ = {
			isa = XCBuildConfiguration;
			buildSettings = {
				ALWAYS_EMBED_SWIFT_STANDARD_LIBRARIES = YES;
				CODE_SIGN_STYLE = Automatic;
				DEVELOPMENT_TEAM = K5PX54PSAX;
				INFOPLIST_FILE = "UI Test AppUITests/Info.plist";
				LD_RUNPATH_SEARCH_PATHS = "$(inherited) @executable_path/Frameworks @loader_path/Frameworks";
				PRODUCT_BUNDLE_IDENTIFIER = "ca.cinard.UI-Test-AppUITests";
				PRODUCT_NAME = "$(TARGET_NAME)";
				SWIFT_VERSION = 4.0;
				TARGETED_DEVICE_FAMILY = "1,2";
				TEST_TARGET_NAME = "UI Test App";
			};
			name = Release;
		};
/* End XCBuildConfiguration section */

/* Begin XCConfigurationList section */
		29AC29AA2062F0A400845E6E /* Build configuration list for PBXProject "UI Test App" */ = {
			isa = XCConfigurationList;
			buildConfigurations = (
				29AC29CA2062F0A400845E6E /* Debug */,
				29AC29CB2062F0A400845E6E /* Release */,
			);
			defaultConfigurationIsVisible = 0;
			defaultConfigurationName = Release;
		};
		29AC29CC2062F0A400845E6E /* Build configuration list for PBXNativeTarget "UI Test App" */ = {
			isa = XCConfigurationList;
			buildConfigurations = (
				29AC29CD2062F0A400845E6E /* Debug */,
				29AC29CE2062F0A400845E6E /* Release */,
			);
			defaultConfigurationIsVisible = 0;
			defaultConfigurationName = Release;
		};
		29AC29CF2062F0A400845E6E /* Build configuration list for PBXNativeTarget "UI Test AppUITests" */ = {
			isa = XCConfigurationList;
			buildConfigurations = (
				29AC29D02062F0A400845E6E /* Debug */,
				29AC29D12062F0A400845E6E /* Release */,
			);
			defaultConfigurationIsVisible = 0;
			defaultConfigurationName = Release;
		};
/* End XCConfigurationList section */
	};
	rootObject = 29AC29A72062F0A400845E6E /* Project object */;
}
